// !$*UTF8*$!
{
	archiveVersion = 1;
	classes = {
	};
	objectVersion = 56;
	objects = {

/* Begin PBXBuildFile section */
		17CA7D900F31E30514FF7024 /* Pods_ShoppingBuddy.framework in Frameworks */ = {isa = PBXBuildFile; fileRef = 176D240247E7CA6FACDD2AC0 /* Pods_ShoppingBuddy.framework */; };
		C70AC90F2A35A4E300936090 /* HomeDataResponse.swift in Sources */ = {isa = PBXBuildFile; fileRef = C70AC90E2A35A4E300936090 /* HomeDataResponse.swift */; };
		C70AC9122A361C9E00936090 /* HomeViewModel.swift in Sources */ = {isa = PBXBuildFile; fileRef = C70AC9112A361C9E00936090 /* HomeViewModel.swift */; };
		C70AC9152A36225A00936090 /* HomeService.swift in Sources */ = {isa = PBXBuildFile; fileRef = C70AC9142A36225A00936090 /* HomeService.swift */; };
		C7CAF29A2A343FAA005EB870 /* AppDelegate.swift in Sources */ = {isa = PBXBuildFile; fileRef = C7CAF2992A343FAA005EB870 /* AppDelegate.swift */; };
		C7CAF29C2A343FAA005EB870 /* SceneDelegate.swift in Sources */ = {isa = PBXBuildFile; fileRef = C7CAF29B2A343FAA005EB870 /* SceneDelegate.swift */; };
		C7CAF2A12A343FAA005EB870 /* Main.storyboard in Resources */ = {isa = PBXBuildFile; fileRef = C7CAF29F2A343FAA005EB870 /* Main.storyboard */; };
		C7CAF2A32A343FAB005EB870 /* Assets.xcassets in Resources */ = {isa = PBXBuildFile; fileRef = C7CAF2A22A343FAB005EB870 /* Assets.xcassets */; };
		C7CAF2A62A343FAB005EB870 /* LaunchScreen.storyboard in Resources */ = {isa = PBXBuildFile; fileRef = C7CAF2A42A343FAB005EB870 /* LaunchScreen.storyboard */; };
		C7CAF2B12A343FAB005EB870 /* ShoppingBuddyTests.swift in Sources */ = {isa = PBXBuildFile; fileRef = C7CAF2B02A343FAB005EB870 /* ShoppingBuddyTests.swift */; };
		C7CAF2BB2A343FAB005EB870 /* ShoppingBuddyUITests.swift in Sources */ = {isa = PBXBuildFile; fileRef = C7CAF2BA2A343FAB005EB870 /* ShoppingBuddyUITests.swift */; };
		C7CAF2BD2A343FAB005EB870 /* ShoppingBuddyUITestsLaunchTests.swift in Sources */ = {isa = PBXBuildFile; fileRef = C7CAF2BC2A343FAB005EB870 /* ShoppingBuddyUITestsLaunchTests.swift */; };
		C7CAF2CB2A344026005EB870 /* HomeViewController.swift in Sources */ = {isa = PBXBuildFile; fileRef = C7CAF2CA2A344026005EB870 /* HomeViewController.swift */; };
		C7F0A5A22A349E04006E1002 /* BannerCollectionViewCell.swift in Sources */ = {isa = PBXBuildFile; fileRef = C7F0A5A02A349E04006E1002 /* BannerCollectionViewCell.swift */; };
		C7F0A5A32A349E04006E1002 /* CategoryCollectionViewCell.swift in Sources */ = {isa = PBXBuildFile; fileRef = C7F0A5A12A349E04006E1002 /* CategoryCollectionViewCell.swift */; };
		C7F0A5A62A349F76006E1002 /* Banner.swift in Sources */ = {isa = PBXBuildFile; fileRef = C7F0A5A52A349F76006E1002 /* Banner.swift */; };
		C7F0A5A92A34A1DA006E1002 /* UIView + Extention.swift in Sources */ = {isa = PBXBuildFile; fileRef = C7F0A5A82A34A1DA006E1002 /* UIView + Extention.swift */; };
		C7F0A5AB2A34A241006E1002 /* Category.swift in Sources */ = {isa = PBXBuildFile; fileRef = C7F0A5AA2A34A241006E1002 /* Category.swift */; };
		C7F0A5AE2A34A70C006E1002 /* LayoutUtil.swift in Sources */ = {isa = PBXBuildFile; fileRef = C7F0A5AD2A34A70C006E1002 /* LayoutUtil.swift */; };
		C7F0A5B02A34A93E006E1002 /* HomeSection.swift in Sources */ = {isa = PBXBuildFile; fileRef = C7F0A5AF2A34A93E006E1002 /* HomeSection.swift */; };
		C7F1B0992A34ECC900E7745A /* ProductCollectionViewCell.swift in Sources */ = {isa = PBXBuildFile; fileRef = C7F1B0972A34ECC900E7745A /* ProductCollectionViewCell.swift */; };
		C7F1B09A2A34ECC900E7745A /* ProductCollectionViewCell.xib in Resources */ = {isa = PBXBuildFile; fileRef = C7F1B0982A34ECC900E7745A /* ProductCollectionViewCell.xib */; };
		C7F1B09C2A34F4AE00E7745A /* Product.swift in Sources */ = {isa = PBXBuildFile; fileRef = C7F1B09B2A34F4AE00E7745A /* Product.swift */; };
/* End PBXBuildFile section */

/* Begin PBXContainerItemProxy section */
		C7CAF2AD2A343FAB005EB870 /* PBXContainerItemProxy */ = {
			isa = PBXContainerItemProxy;
			containerPortal = C7CAF28E2A343FAA005EB870 /* Project object */;
			proxyType = 1;
			remoteGlobalIDString = C7CAF2952A343FAA005EB870;
			remoteInfo = ShoppingBuddy;
		};
		C7CAF2B72A343FAB005EB870 /* PBXContainerItemProxy */ = {
			isa = PBXContainerItemProxy;
			containerPortal = C7CAF28E2A343FAA005EB870 /* Project object */;
			proxyType = 1;
			remoteGlobalIDString = C7CAF2952A343FAA005EB870;
			remoteInfo = ShoppingBuddy;
		};
/* End PBXContainerItemProxy section */

/* Begin PBXFileReference section */
		176D240247E7CA6FACDD2AC0 /* Pods_ShoppingBuddy.framework */ = {isa = PBXFileReference; explicitFileType = wrapper.framework; includeInIndex = 0; path = Pods_ShoppingBuddy.framework; sourceTree = BUILT_PRODUCTS_DIR; };
		64AE0B8EBF402DA2767AA510 /* Pods-ShoppingBuddy.release.xcconfig */ = {isa = PBXFileReference; includeInIndex = 1; lastKnownFileType = text.xcconfig; name = "Pods-ShoppingBuddy.release.xcconfig"; path = "Target Support Files/Pods-ShoppingBuddy/Pods-ShoppingBuddy.release.xcconfig"; sourceTree = "<group>"; };
		C70AC90E2A35A4E300936090 /* HomeDataResponse.swift */ = {isa = PBXFileReference; lastKnownFileType = sourcecode.swift; path = HomeDataResponse.swift; sourceTree = "<group>"; };
		C70AC9112A361C9E00936090 /* HomeViewModel.swift */ = {isa = PBXFileReference; lastKnownFileType = sourcecode.swift; path = HomeViewModel.swift; sourceTree = "<group>"; };
		C70AC9142A36225A00936090 /* HomeService.swift */ = {isa = PBXFileReference; lastKnownFileType = sourcecode.swift; path = HomeService.swift; sourceTree = "<group>"; };
		C7CAF2962A343FAA005EB870 /* ShoppingBuddy.app */ = {isa = PBXFileReference; explicitFileType = wrapper.application; includeInIndex = 0; path = ShoppingBuddy.app; sourceTree = BUILT_PRODUCTS_DIR; };
		C7CAF2992A343FAA005EB870 /* AppDelegate.swift */ = {isa = PBXFileReference; lastKnownFileType = sourcecode.swift; path = AppDelegate.swift; sourceTree = "<group>"; };
		C7CAF29B2A343FAA005EB870 /* SceneDelegate.swift */ = {isa = PBXFileReference; lastKnownFileType = sourcecode.swift; path = SceneDelegate.swift; sourceTree = "<group>"; };
		C7CAF2A02A343FAA005EB870 /* Base */ = {isa = PBXFileReference; lastKnownFileType = file.storyboard; name = Base; path = Base.lproj/Main.storyboard; sourceTree = "<group>"; };
		C7CAF2A22A343FAB005EB870 /* Assets.xcassets */ = {isa = PBXFileReference; lastKnownFileType = folder.assetcatalog; path = Assets.xcassets; sourceTree = "<group>"; };
		C7CAF2A52A343FAB005EB870 /* Base */ = {isa = PBXFileReference; lastKnownFileType = file.storyboard; name = Base; path = Base.lproj/LaunchScreen.storyboard; sourceTree = "<group>"; };
		C7CAF2A72A343FAB005EB870 /* Info.plist */ = {isa = PBXFileReference; lastKnownFileType = text.plist.xml; path = Info.plist; sourceTree = "<group>"; };
		C7CAF2AC2A343FAB005EB870 /* ShoppingBuddyTests.xctest */ = {isa = PBXFileReference; explicitFileType = wrapper.cfbundle; includeInIndex = 0; path = ShoppingBuddyTests.xctest; sourceTree = BUILT_PRODUCTS_DIR; };
		C7CAF2B02A343FAB005EB870 /* ShoppingBuddyTests.swift */ = {isa = PBXFileReference; lastKnownFileType = sourcecode.swift; path = ShoppingBuddyTests.swift; sourceTree = "<group>"; };
		C7CAF2B62A343FAB005EB870 /* ShoppingBuddyUITests.xctest */ = {isa = PBXFileReference; explicitFileType = wrapper.cfbundle; includeInIndex = 0; path = ShoppingBuddyUITests.xctest; sourceTree = BUILT_PRODUCTS_DIR; };
		C7CAF2BA2A343FAB005EB870 /* ShoppingBuddyUITests.swift */ = {isa = PBXFileReference; lastKnownFileType = sourcecode.swift; path = ShoppingBuddyUITests.swift; sourceTree = "<group>"; };
		C7CAF2BC2A343FAB005EB870 /* ShoppingBuddyUITestsLaunchTests.swift */ = {isa = PBXFileReference; lastKnownFileType = sourcecode.swift; path = ShoppingBuddyUITestsLaunchTests.swift; sourceTree = "<group>"; };
		C7CAF2CA2A344026005EB870 /* HomeViewController.swift */ = {isa = PBXFileReference; lastKnownFileType = sourcecode.swift; path = HomeViewController.swift; sourceTree = "<group>"; };
		C7F0A5A02A349E04006E1002 /* BannerCollectionViewCell.swift */ = {isa = PBXFileReference; fileEncoding = 4; lastKnownFileType = sourcecode.swift; path = BannerCollectionViewCell.swift; sourceTree = "<group>"; };
		C7F0A5A12A349E04006E1002 /* CategoryCollectionViewCell.swift */ = {isa = PBXFileReference; fileEncoding = 4; lastKnownFileType = sourcecode.swift; path = CategoryCollectionViewCell.swift; sourceTree = "<group>"; };
		C7F0A5A52A349F76006E1002 /* Banner.swift */ = {isa = PBXFileReference; lastKnownFileType = sourcecode.swift; path = Banner.swift; sourceTree = "<group>"; };
		C7F0A5A82A34A1DA006E1002 /* UIView + Extention.swift */ = {isa = PBXFileReference; fileEncoding = 4; lastKnownFileType = sourcecode.swift; path = "UIView + Extention.swift"; sourceTree = "<group>"; };
		C7F0A5AA2A34A241006E1002 /* Category.swift */ = {isa = PBXFileReference; lastKnownFileType = sourcecode.swift; path = Category.swift; sourceTree = "<group>"; };
		C7F0A5AD2A34A70C006E1002 /* LayoutUtil.swift */ = {isa = PBXFileReference; lastKnownFileType = sourcecode.swift; path = LayoutUtil.swift; sourceTree = "<group>"; };
		C7F0A5AF2A34A93E006E1002 /* HomeSection.swift */ = {isa = PBXFileReference; lastKnownFileType = sourcecode.swift; path = HomeSection.swift; sourceTree = "<group>"; };
		C7F1B0972A34ECC900E7745A /* ProductCollectionViewCell.swift */ = {isa = PBXFileReference; lastKnownFileType = sourcecode.swift; path = ProductCollectionViewCell.swift; sourceTree = "<group>"; };
		C7F1B0982A34ECC900E7745A /* ProductCollectionViewCell.xib */ = {isa = PBXFileReference; lastKnownFileType = file.xib; path = ProductCollectionViewCell.xib; sourceTree = "<group>"; };
		C7F1B09B2A34F4AE00E7745A /* Product.swift */ = {isa = PBXFileReference; lastKnownFileType = sourcecode.swift; path = Product.swift; sourceTree = "<group>"; };
		D666CEDED2C457009EEE96F3 /* Pods-ShoppingBuddy.debug.xcconfig */ = {isa = PBXFileReference; includeInIndex = 1; lastKnownFileType = text.xcconfig; name = "Pods-ShoppingBuddy.debug.xcconfig"; path = "Target Support Files/Pods-ShoppingBuddy/Pods-ShoppingBuddy.debug.xcconfig"; sourceTree = "<group>"; };
/* End PBXFileReference section */

/* Begin PBXFrameworksBuildPhase section */
		C7CAF2932A343FAA005EB870 /* Frameworks */ = {
			isa = PBXFrameworksBuildPhase;
			buildActionMask = 2147483647;
			files = (
				17CA7D900F31E30514FF7024 /* Pods_ShoppingBuddy.framework in Frameworks */,
			);
			runOnlyForDeploymentPostprocessing = 0;
		};
		C7CAF2A92A343FAB005EB870 /* Frameworks */ = {
			isa = PBXFrameworksBuildPhase;
			buildActionMask = 2147483647;
			files = (
			);
			runOnlyForDeploymentPostprocessing = 0;
		};
		C7CAF2B32A343FAB005EB870 /* Frameworks */ = {
			isa = PBXFrameworksBuildPhase;
			buildActionMask = 2147483647;
			files = (
			);
			runOnlyForDeploymentPostprocessing = 0;
		};
/* End PBXFrameworksBuildPhase section */

/* Begin PBXGroup section */
		467CC9B335FDE6698C7F0A40 /* Frameworks */ = {
			isa = PBXGroup;
			children = (
				176D240247E7CA6FACDD2AC0 /* Pods_ShoppingBuddy.framework */,
			);
			name = Frameworks;
			sourceTree = "<group>";
		};
		68F6D5BB82DD91D4BFC01C82 /* Pods */ = {
			isa = PBXGroup;
			children = (
				D666CEDED2C457009EEE96F3 /* Pods-ShoppingBuddy.debug.xcconfig */,
				64AE0B8EBF402DA2767AA510 /* Pods-ShoppingBuddy.release.xcconfig */,
			);
			path = Pods;
			sourceTree = "<group>";
		};
		C70AC9102A361C8200936090 /* ViewModel */ = {
			isa = PBXGroup;
			children = (
				C70AC9112A361C9E00936090 /* HomeViewModel.swift */,
			);
			path = ViewModel;
			sourceTree = "<group>";
		};
		C70AC9132A36224200936090 /* Service */ = {
			isa = PBXGroup;
			children = (
				C70AC9142A36225A00936090 /* HomeService.swift */,
			);
			path = Service;
			sourceTree = "<group>";
		};
		C70AC9162A36284C00936090 /* Screens */ = {
			isa = PBXGroup;
			children = (
				C70AC9172A36285500936090 /* Home */,
			);
			path = Screens;
			sourceTree = "<group>";
		};
		C70AC9172A36285500936090 /* Home */ = {
			isa = PBXGroup;
			children = (
				C7CAF2C92A343FD5005EB870 /* View */,
				C70AC9102A361C8200936090 /* ViewModel */,
				C7F0A5A42A349EF1006E1002 /* Model */,
			);
			path = Home;
			sourceTree = "<group>";
		};
		C7CAF28D2A343FAA005EB870 = {
			isa = PBXGroup;
			children = (
				C7CAF2982A343FAA005EB870 /* ShoppingBuddy */,
				C7CAF2AF2A343FAB005EB870 /* ShoppingBuddyTests */,
				C7CAF2B92A343FAB005EB870 /* ShoppingBuddyUITests */,
				C7CAF2972A343FAA005EB870 /* Products */,
				68F6D5BB82DD91D4BFC01C82 /* Pods */,
				467CC9B335FDE6698C7F0A40 /* Frameworks */,
			);
			sourceTree = "<group>";
		};
		C7CAF2972A343FAA005EB870 /* Products */ = {
			isa = PBXGroup;
			children = (
				C7CAF2962A343FAA005EB870 /* ShoppingBuddy.app */,
				C7CAF2AC2A343FAB005EB870 /* ShoppingBuddyTests.xctest */,
				C7CAF2B62A343FAB005EB870 /* ShoppingBuddyUITests.xctest */,
			);
			name = Products;
			sourceTree = "<group>";
		};
		C7CAF2982A343FAA005EB870 /* ShoppingBuddy */ = {
			isa = PBXGroup;
			children = (
				C70AC9162A36284C00936090 /* Screens */,
				C70AC9132A36224200936090 /* Service */,
				C7F0A5AC2A34A6F5006E1002 /* Util */,
				C7F0A5A72A34A1C4006E1002 /* Extension */,
				C7CAF2992A343FAA005EB870 /* AppDelegate.swift */,
				C7CAF29B2A343FAA005EB870 /* SceneDelegate.swift */,
				C7CAF29F2A343FAA005EB870 /* Main.storyboard */,
				C7CAF2A22A343FAB005EB870 /* Assets.xcassets */,
				C7CAF2A42A343FAB005EB870 /* LaunchScreen.storyboard */,
				C7CAF2A72A343FAB005EB870 /* Info.plist */,
			);
			path = ShoppingBuddy;
			sourceTree = "<group>";
		};
		C7CAF2AF2A343FAB005EB870 /* ShoppingBuddyTests */ = {
			isa = PBXGroup;
			children = (
				C7CAF2B02A343FAB005EB870 /* ShoppingBuddyTests.swift */,
			);
			path = ShoppingBuddyTests;
			sourceTree = "<group>";
		};
		C7CAF2B92A343FAB005EB870 /* ShoppingBuddyUITests */ = {
			isa = PBXGroup;
			children = (
				C7CAF2BA2A343FAB005EB870 /* ShoppingBuddyUITests.swift */,
				C7CAF2BC2A343FAB005EB870 /* ShoppingBuddyUITestsLaunchTests.swift */,
			);
			path = ShoppingBuddyUITests;
			sourceTree = "<group>";
		};
		C7CAF2C92A343FD5005EB870 /* View */ = {
			isa = PBXGroup;
			children = (
				C7F0A59F2A349D8E006E1002 /* Cells */,
				C7CAF2CA2A344026005EB870 /* HomeViewController.swift */,
			);
			path = View;
			sourceTree = "<group>";
		};
		C7F0A59F2A349D8E006E1002 /* Cells */ = {
			isa = PBXGroup;
			children = (
				C7F0A5A12A349E04006E1002 /* CategoryCollectionViewCell.swift */,
				C7F0A5A02A349E04006E1002 /* BannerCollectionViewCell.swift */,
				C7F1B0972A34ECC900E7745A /* ProductCollectionViewCell.swift */,
				C7F1B0982A34ECC900E7745A /* ProductCollectionViewCell.xib */,
			);
			path = Cells;
			sourceTree = "<group>";
		};
		C7F0A5A42A349EF1006E1002 /* Model */ = {
			isa = PBXGroup;
			children = (
				C7F0A5A52A349F76006E1002 /* Banner.swift */,
				C7F0A5AA2A34A241006E1002 /* Category.swift */,
				C7F0A5AF2A34A93E006E1002 /* HomeSection.swift */,
				C7F1B09B2A34F4AE00E7745A /* Product.swift */,
				C70AC90E2A35A4E300936090 /* HomeDataResponse.swift */,
			);
			path = Model;
			sourceTree = "<group>";
		};
		C7F0A5A72A34A1C4006E1002 /* Extension */ = {
			isa = PBXGroup;
			children = (
				C7F0A5A82A34A1DA006E1002 /* UIView + Extention.swift */,
			);
			path = Extension;
			sourceTree = "<group>";
		};
		C7F0A5AC2A34A6F5006E1002 /* Util */ = {
			isa = PBXGroup;
			children = (
				C7F0A5AD2A34A70C006E1002 /* LayoutUtil.swift */,
			);
			path = Util;
			sourceTree = "<group>";
		};
/* End PBXGroup section */

/* Begin PBXNativeTarget section */
		C7CAF2952A343FAA005EB870 /* ShoppingBuddy */ = {
			isa = PBXNativeTarget;
			buildConfigurationList = C7CAF2C02A343FAB005EB870 /* Build configuration list for PBXNativeTarget "ShoppingBuddy" */;
			buildPhases = (
				898F9700478AD50416BF9104 /* [CP] Check Pods Manifest.lock */,
				C7CAF2922A343FAA005EB870 /* Sources */,
				C7CAF2932A343FAA005EB870 /* Frameworks */,
				C7CAF2942A343FAA005EB870 /* Resources */,
				A91F2592B0AE0061145B7B4E /* [CP] Embed Pods Frameworks */,
			);
			buildRules = (
			);
			dependencies = (
			);
			name = ShoppingBuddy;
			productName = ShoppingBuddy;
			productReference = C7CAF2962A343FAA005EB870 /* ShoppingBuddy.app */;
			productType = "com.apple.product-type.application";
		};
		C7CAF2AB2A343FAB005EB870 /* ShoppingBuddyTests */ = {
			isa = PBXNativeTarget;
			buildConfigurationList = C7CAF2C32A343FAB005EB870 /* Build configuration list for PBXNativeTarget "ShoppingBuddyTests" */;
			buildPhases = (
				C7CAF2A82A343FAB005EB870 /* Sources */,
				C7CAF2A92A343FAB005EB870 /* Frameworks */,
				C7CAF2AA2A343FAB005EB870 /* Resources */,
			);
			buildRules = (
			);
			dependencies = (
				C7CAF2AE2A343FAB005EB870 /* PBXTargetDependency */,
			);
			name = ShoppingBuddyTests;
			productName = ShoppingBuddyTests;
			productReference = C7CAF2AC2A343FAB005EB870 /* ShoppingBuddyTests.xctest */;
			productType = "com.apple.product-type.bundle.unit-test";
		};
		C7CAF2B52A343FAB005EB870 /* ShoppingBuddyUITests */ = {
			isa = PBXNativeTarget;
			buildConfigurationList = C7CAF2C62A343FAB005EB870 /* Build configuration list for PBXNativeTarget "ShoppingBuddyUITests" */;
			buildPhases = (
				C7CAF2B22A343FAB005EB870 /* Sources */,
				C7CAF2B32A343FAB005EB870 /* Frameworks */,
				C7CAF2B42A343FAB005EB870 /* Resources */,
			);
			buildRules = (
			);
			dependencies = (
				C7CAF2B82A343FAB005EB870 /* PBXTargetDependency */,
			);
			name = ShoppingBuddyUITests;
			productName = ShoppingBuddyUITests;
			productReference = C7CAF2B62A343FAB005EB870 /* ShoppingBuddyUITests.xctest */;
			productType = "com.apple.product-type.bundle.ui-testing";
		};
/* End PBXNativeTarget section */

/* Begin PBXProject section */
		C7CAF28E2A343FAA005EB870 /* Project object */ = {
			isa = PBXProject;
			attributes = {
				BuildIndependentTargetsInParallel = 1;
				LastSwiftUpdateCheck = 1420;
				LastUpgradeCheck = 1420;
				TargetAttributes = {
					C7CAF2952A343FAA005EB870 = {
						CreatedOnToolsVersion = 14.2;
					};
					C7CAF2AB2A343FAB005EB870 = {
						CreatedOnToolsVersion = 14.2;
						TestTargetID = C7CAF2952A343FAA005EB870;
					};
					C7CAF2B52A343FAB005EB870 = {
						CreatedOnToolsVersion = 14.2;
						TestTargetID = C7CAF2952A343FAA005EB870;
					};
				};
			};
			buildConfigurationList = C7CAF2912A343FAA005EB870 /* Build configuration list for PBXProject "ShoppingBuddy" */;
			compatibilityVersion = "Xcode 14.0";
			developmentRegion = en;
			hasScannedForEncodings = 0;
			knownRegions = (
				en,
				Base,
			);
			mainGroup = C7CAF28D2A343FAA005EB870;
			productRefGroup = C7CAF2972A343FAA005EB870 /* Products */;
			projectDirPath = "";
			projectRoot = "";
			targets = (
				C7CAF2952A343FAA005EB870 /* ShoppingBuddy */,
				C7CAF2AB2A343FAB005EB870 /* ShoppingBuddyTests */,
				C7CAF2B52A343FAB005EB870 /* ShoppingBuddyUITests */,
			);
		};
/* End PBXProject section */

/* Begin PBXResourcesBuildPhase section */
		C7CAF2942A343FAA005EB870 /* Resources */ = {
			isa = PBXResourcesBuildPhase;
			buildActionMask = 2147483647;
			files = (
				C7CAF2A62A343FAB005EB870 /* LaunchScreen.storyboard in Resources */,
				C7F1B09A2A34ECC900E7745A /* ProductCollectionViewCell.xib in Resources */,
				C7CAF2A32A343FAB005EB870 /* Assets.xcassets in Resources */,
				C7CAF2A12A343FAA005EB870 /* Main.storyboard in Resources */,
			);
			runOnlyForDeploymentPostprocessing = 0;
		};
		C7CAF2AA2A343FAB005EB870 /* Resources */ = {
			isa = PBXResourcesBuildPhase;
			buildActionMask = 2147483647;
			files = (
			);
			runOnlyForDeploymentPostprocessing = 0;
		};
		C7CAF2B42A343FAB005EB870 /* Resources */ = {
			isa = PBXResourcesBuildPhase;
			buildActionMask = 2147483647;
			files = (
			);
			runOnlyForDeploymentPostprocessing = 0;
		};
/* End PBXResourcesBuildPhase section */

/* Begin PBXShellScriptBuildPhase section */
		898F9700478AD50416BF9104 /* [CP] Check Pods Manifest.lock */ = {
			isa = PBXShellScriptBuildPhase;
			buildActionMask = 2147483647;
			files = (
			);
			inputFileListPaths = (
			);
			inputPaths = (
				"${PODS_PODFILE_DIR_PATH}/Podfile.lock",
				"${PODS_ROOT}/Manifest.lock",
			);
			name = "[CP] Check Pods Manifest.lock";
			outputFileListPaths = (
			);
			outputPaths = (
				"$(DERIVED_FILE_DIR)/Pods-ShoppingBuddy-checkManifestLockResult.txt",
			);
			runOnlyForDeploymentPostprocessing = 0;
			shellPath = /bin/sh;
			shellScript = "diff \"${PODS_PODFILE_DIR_PATH}/Podfile.lock\" \"${PODS_ROOT}/Manifest.lock\" > /dev/null\nif [ $? != 0 ] ; then\n    # print error to STDERR\n    echo \"error: The sandbox is not in sync with the Podfile.lock. Run 'pod install' or update your CocoaPods installation.\" >&2\n    exit 1\nfi\n# This output is used by Xcode 'outputs' to avoid re-running this script phase.\necho \"SUCCESS\" > \"${SCRIPT_OUTPUT_FILE_0}\"\n";
			showEnvVarsInLog = 0;
		};
		A91F2592B0AE0061145B7B4E /* [CP] Embed Pods Frameworks */ = {
			isa = PBXShellScriptBuildPhase;
			buildActionMask = 2147483647;
			files = (
			);
			inputFileListPaths = (
				"${PODS_ROOT}/Target Support Files/Pods-ShoppingBuddy/Pods-ShoppingBuddy-frameworks-${CONFIGURATION}-input-files.xcfilelist",
			);
			name = "[CP] Embed Pods Frameworks";
			outputFileListPaths = (
				"${PODS_ROOT}/Target Support Files/Pods-ShoppingBuddy/Pods-ShoppingBuddy-frameworks-${CONFIGURATION}-output-files.xcfilelist",
			);
			runOnlyForDeploymentPostprocessing = 0;
			shellPath = /bin/sh;
			shellScript = "\"${PODS_ROOT}/Target Support Files/Pods-ShoppingBuddy/Pods-ShoppingBuddy-frameworks.sh\"\n";
			showEnvVarsInLog = 0;
		};
/* End PBXShellScriptBuildPhase section */

/* Begin PBXSourcesBuildPhase section */
		C7CAF2922A343FAA005EB870 /* Sources */ = {
			isa = PBXSourcesBuildPhase;
			buildActionMask = 2147483647;
			files = (
				C7F0A5A22A349E04006E1002 /* BannerCollectionViewCell.swift in Sources */,
				C7F0A5A32A349E04006E1002 /* CategoryCollectionViewCell.swift in Sources */,
				C7F1B0992A34ECC900E7745A /* ProductCollectionViewCell.swift in Sources */,
				C7CAF29A2A343FAA005EB870 /* AppDelegate.swift in Sources */,
				C7CAF29C2A343FAA005EB870 /* SceneDelegate.swift in Sources */,
				C7F1B09C2A34F4AE00E7745A /* Product.swift in Sources */,
				C7CAF2CB2A344026005EB870 /* HomeViewController.swift in Sources */,
				C7F0A5A62A349F76006E1002 /* Banner.swift in Sources */,
				C70AC90F2A35A4E300936090 /* HomeDataResponse.swift in Sources */,
				C70AC9152A36225A00936090 /* HomeService.swift in Sources */,
				C70AC9122A361C9E00936090 /* HomeViewModel.swift in Sources */,
				C7F0A5B02A34A93E006E1002 /* HomeSection.swift in Sources */,
				C7F0A5A92A34A1DA006E1002 /* UIView + Extention.swift in Sources */,
				C7F0A5AB2A34A241006E1002 /* Category.swift in Sources */,
				C7F0A5AE2A34A70C006E1002 /* LayoutUtil.swift in Sources */,
			);
			runOnlyForDeploymentPostprocessing = 0;
		};
		C7CAF2A82A343FAB005EB870 /* Sources */ = {
			isa = PBXSourcesBuildPhase;
			buildActionMask = 2147483647;
			files = (
				C7CAF2B12A343FAB005EB870 /* ShoppingBuddyTests.swift in Sources */,
			);
			runOnlyForDeploymentPostprocessing = 0;
		};
		C7CAF2B22A343FAB005EB870 /* Sources */ = {
			isa = PBXSourcesBuildPhase;
			buildActionMask = 2147483647;
			files = (
				C7CAF2BB2A343FAB005EB870 /* ShoppingBuddyUITests.swift in Sources */,
				C7CAF2BD2A343FAB005EB870 /* ShoppingBuddyUITestsLaunchTests.swift in Sources */,
			);
			runOnlyForDeploymentPostprocessing = 0;
		};
/* End PBXSourcesBuildPhase section */

/* Begin PBXTargetDependency section */
		C7CAF2AE2A343FAB005EB870 /* PBXTargetDependency */ = {
			isa = PBXTargetDependency;
			target = C7CAF2952A343FAA005EB870 /* ShoppingBuddy */;
			targetProxy = C7CAF2AD2A343FAB005EB870 /* PBXContainerItemProxy */;
		};
		C7CAF2B82A343FAB005EB870 /* PBXTargetDependency */ = {
			isa = PBXTargetDependency;
			target = C7CAF2952A343FAA005EB870 /* ShoppingBuddy */;
			targetProxy = C7CAF2B72A343FAB005EB870 /* PBXContainerItemProxy */;
		};
/* End PBXTargetDependency section */

/* Begin PBXVariantGroup section */
		C7CAF29F2A343FAA005EB870 /* Main.storyboard */ = {
			isa = PBXVariantGroup;
			children = (
				C7CAF2A02A343FAA005EB870 /* Base */,
			);
			name = Main.storyboard;
			sourceTree = "<group>";
		};
		C7CAF2A42A343FAB005EB870 /* LaunchScreen.storyboard */ = {
			isa = PBXVariantGroup;
			children = (
				C7CAF2A52A343FAB005EB870 /* Base */,
			);
			name = LaunchScreen.storyboard;
			sourceTree = "<group>";
		};
/* End PBXVariantGroup section */

/* Begin XCBuildConfiguration section */
		C7CAF2BE2A343FAB005EB870 /* Debug */ = {
			isa = XCBuildConfiguration;
			buildSettings = {
				ALWAYS_SEARCH_USER_PATHS = NO;
				CLANG_ANALYZER_NONNULL = YES;
				CLANG_ANALYZER_NUMBER_OBJECT_CONVERSION = YES_AGGRESSIVE;
				CLANG_CXX_LANGUAGE_STANDARD = "gnu++20";
				CLANG_ENABLE_MODULES = YES;
				CLANG_ENABLE_OBJC_ARC = YES;
				CLANG_ENABLE_OBJC_WEAK = YES;
				CLANG_WARN_BLOCK_CAPTURE_AUTORELEASING = YES;
				CLANG_WARN_BOOL_CONVERSION = YES;
				CLANG_WARN_COMMA = YES;
				CLANG_WARN_CONSTANT_CONVERSION = YES;
				CLANG_WARN_DEPRECATED_OBJC_IMPLEMENTATIONS = YES;
				CLANG_WARN_DIRECT_OBJC_ISA_USAGE = YES_ERROR;
				CLANG_WARN_DOCUMENTATION_COMMENTS = YES;
				CLANG_WARN_EMPTY_BODY = YES;
				CLANG_WARN_ENUM_CONVERSION = YES;
				CLANG_WARN_INFINITE_RECURSION = YES;
				CLANG_WARN_INT_CONVERSION = YES;
				CLANG_WARN_NON_LITERAL_NULL_CONVERSION = YES;
				CLANG_WARN_OBJC_IMPLICIT_RETAIN_SELF = YES;
				CLANG_WARN_OBJC_LITERAL_CONVERSION = YES;
				CLANG_WARN_OBJC_ROOT_CLASS = YES_ERROR;
				CLANG_WARN_QUOTED_INCLUDE_IN_FRAMEWORK_HEADER = YES;
				CLANG_WARN_RANGE_LOOP_ANALYSIS = YES;
				CLANG_WARN_STRICT_PROTOTYPES = YES;
				CLANG_WARN_SUSPICIOUS_MOVE = YES;
				CLANG_WARN_UNGUARDED_AVAILABILITY = YES_AGGRESSIVE;
				CLANG_WARN_UNREACHABLE_CODE = YES;
				CLANG_WARN__DUPLICATE_METHOD_MATCH = YES;
				COPY_PHASE_STRIP = NO;
				DEBUG_INFORMATION_FORMAT = dwarf;
				ENABLE_STRICT_OBJC_MSGSEND = YES;
				ENABLE_TESTABILITY = YES;
				GCC_C_LANGUAGE_STANDARD = gnu11;
				GCC_DYNAMIC_NO_PIC = NO;
				GCC_NO_COMMON_BLOCKS = YES;
				GCC_OPTIMIZATION_LEVEL = 0;
				GCC_PREPROCESSOR_DEFINITIONS = (
					"DEBUG=1",
					"$(inherited)",
				);
				GCC_WARN_64_TO_32_BIT_CONVERSION = YES;
				GCC_WARN_ABOUT_RETURN_TYPE = YES_ERROR;
				GCC_WARN_UNDECLARED_SELECTOR = YES;
				GCC_WARN_UNINITIALIZED_AUTOS = YES_AGGRESSIVE;
				GCC_WARN_UNUSED_FUNCTION = YES;
				GCC_WARN_UNUSED_VARIABLE = YES;
				IPHONEOS_DEPLOYMENT_TARGET = 16.2;
				MTL_ENABLE_DEBUG_INFO = INCLUDE_SOURCE;
				MTL_FAST_MATH = YES;
				ONLY_ACTIVE_ARCH = YES;
				SDKROOT = iphoneos;
				SWIFT_ACTIVE_COMPILATION_CONDITIONS = DEBUG;
				SWIFT_OPTIMIZATION_LEVEL = "-Onone";
			};
			name = Debug;
		};
		C7CAF2BF2A343FAB005EB870 /* Release */ = {
			isa = XCBuildConfiguration;
			buildSettings = {
				ALWAYS_SEARCH_USER_PATHS = NO;
				CLANG_ANALYZER_NONNULL = YES;
				CLANG_ANALYZER_NUMBER_OBJECT_CONVERSION = YES_AGGRESSIVE;
				CLANG_CXX_LANGUAGE_STANDARD = "gnu++20";
				CLANG_ENABLE_MODULES = YES;
				CLANG_ENABLE_OBJC_ARC = YES;
				CLANG_ENABLE_OBJC_WEAK = YES;
				CLANG_WARN_BLOCK_CAPTURE_AUTORELEASING = YES;
				CLANG_WARN_BOOL_CONVERSION = YES;
				CLANG_WARN_COMMA = YES;
				CLANG_WARN_CONSTANT_CONVERSION = YES;
				CLANG_WARN_DEPRECATED_OBJC_IMPLEMENTATIONS = YES;
				CLANG_WARN_DIRECT_OBJC_ISA_USAGE = YES_ERROR;
				CLANG_WARN_DOCUMENTATION_COMMENTS = YES;
				CLANG_WARN_EMPTY_BODY = YES;
				CLANG_WARN_ENUM_CONVERSION = YES;
				CLANG_WARN_INFINITE_RECURSION = YES;
				CLANG_WARN_INT_CONVERSION = YES;
				CLANG_WARN_NON_LITERAL_NULL_CONVERSION = YES;
				CLANG_WARN_OBJC_IMPLICIT_RETAIN_SELF = YES;
				CLANG_WARN_OBJC_LITERAL_CONVERSION = YES;
				CLANG_WARN_OBJC_ROOT_CLASS = YES_ERROR;
				CLANG_WARN_QUOTED_INCLUDE_IN_FRAMEWORK_HEADER = YES;
				CLANG_WARN_RANGE_LOOP_ANALYSIS = YES;
				CLANG_WARN_STRICT_PROTOTYPES = YES;
				CLANG_WARN_SUSPICIOUS_MOVE = YES;
				CLANG_WARN_UNGUARDED_AVAILABILITY = YES_AGGRESSIVE;
				CLANG_WARN_UNREACHABLE_CODE = YES;
				CLANG_WARN__DUPLICATE_METHOD_MATCH = YES;
				COPY_PHASE_STRIP = NO;
				DEBUG_INFORMATION_FORMAT = "dwarf-with-dsym";
				ENABLE_NS_ASSERTIONS = NO;
				ENABLE_STRICT_OBJC_MSGSEND = YES;
				GCC_C_LANGUAGE_STANDARD = gnu11;
				GCC_NO_COMMON_BLOCKS = YES;
				GCC_WARN_64_TO_32_BIT_CONVERSION = YES;
				GCC_WARN_ABOUT_RETURN_TYPE = YES_ERROR;
				GCC_WARN_UNDECLARED_SELECTOR = YES;
				GCC_WARN_UNINITIALIZED_AUTOS = YES_AGGRESSIVE;
				GCC_WARN_UNUSED_FUNCTION = YES;
				GCC_WARN_UNUSED_VARIABLE = YES;
				IPHONEOS_DEPLOYMENT_TARGET = 16.2;
				MTL_ENABLE_DEBUG_INFO = NO;
				MTL_FAST_MATH = YES;
				SDKROOT = iphoneos;
				SWIFT_COMPILATION_MODE = wholemodule;
				SWIFT_OPTIMIZATION_LEVEL = "-O";
				VALIDATE_PRODUCT = YES;
			};
			name = Release;
		};
		C7CAF2C12A343FAB005EB870 /* Debug */ = {
			isa = XCBuildConfiguration;
			baseConfigurationReference = D666CEDED2C457009EEE96F3 /* Pods-ShoppingBuddy.debug.xcconfig */;
			buildSettings = {
				ASSETCATALOG_COMPILER_APPICON_NAME = AppIcon;
				ASSETCATALOG_COMPILER_GLOBAL_ACCENT_COLOR_NAME = AccentColor;
				CODE_SIGN_STYLE = Automatic;
				CURRENT_PROJECT_VERSION = 1;
				GENERATE_INFOPLIST_FILE = YES;
				INFOPLIST_FILE = ShoppingBuddy/Info.plist;
				INFOPLIST_KEY_UIApplicationSupportsIndirectInputEvents = YES;
				INFOPLIST_KEY_UILaunchStoryboardName = LaunchScreen;
				INFOPLIST_KEY_UIMainStoryboardFile = Main;
				INFOPLIST_KEY_UISupportedInterfaceOrientations_iPad = "UIInterfaceOrientationPortrait UIInterfaceOrientationPortraitUpsideDown UIInterfaceOrientationLandscapeLeft UIInterfaceOrientationLandscapeRight";
				INFOPLIST_KEY_UISupportedInterfaceOrientations_iPhone = "UIInterfaceOrientationPortrait UIInterfaceOrientationLandscapeLeft UIInterfaceOrientationLandscapeRight";
				LD_RUNPATH_SEARCH_PATHS = (
					"$(inherited)",
					"@executable_path/Frameworks",
				);
				MARKETING_VERSION = 1.0;
				PRODUCT_BUNDLE_IDENTIFIER = com.adarsh.ShoppingBuddy;
				PRODUCT_NAME = "$(TARGET_NAME)";
				SWIFT_EMIT_LOC_STRINGS = YES;
				SWIFT_VERSION = 5.0;
				TARGETED_DEVICE_FAMILY = "1,2";
			};
			name = Debug;
		};
		C7CAF2C22A343FAB005EB870 /* Release */ = {
			isa = XCBuildConfiguration;
			baseConfigurationReference = 64AE0B8EBF402DA2767AA510 /* Pods-ShoppingBuddy.release.xcconfig */;
			buildSettings = {
				ASSETCATALOG_COMPILER_APPICON_NAME = AppIcon;
				ASSETCATALOG_COMPILER_GLOBAL_ACCENT_COLOR_NAME = AccentColor;
				CODE_SIGN_STYLE = Automatic;
				CURRENT_PROJECT_VERSION = 1;
				GENERATE_INFOPLIST_FILE = YES;
				INFOPLIST_FILE = ShoppingBuddy/Info.plist;
				INFOPLIST_KEY_UIApplicationSupportsIndirectInputEvents = YES;
				INFOPLIST_KEY_UILaunchStoryboardName = LaunchScreen;
				INFOPLIST_KEY_UIMainStoryboardFile = Main;
				INFOPLIST_KEY_UISupportedInterfaceOrientations_iPad = "UIInterfaceOrientationPortrait UIInterfaceOrientationPortraitUpsideDown UIInterfaceOrientationLandscapeLeft UIInterfaceOrientationLandscapeRight";
				INFOPLIST_KEY_UISupportedInterfaceOrientations_iPhone = "UIInterfaceOrientationPortrait UIInterfaceOrientationLandscapeLeft UIInterfaceOrientationLandscapeRight";
				LD_RUNPATH_SEARCH_PATHS = (
					"$(inherited)",
					"@executable_path/Frameworks",
				);
				MARKETING_VERSION = 1.0;
				PRODUCT_BUNDLE_IDENTIFIER = com.adarsh.ShoppingBuddy;
				PRODUCT_NAME = "$(TARGET_NAME)";
				SWIFT_EMIT_LOC_STRINGS = YES;
				SWIFT_VERSION = 5.0;
				TARGETED_DEVICE_FAMILY = "1,2";
			};
			name = Release;
		};
		C7CAF2C42A343FAB005EB870 /* Debug */ = {
			isa = XCBuildConfiguration;
			buildSettings = {
				ALWAYS_EMBED_SWIFT_STANDARD_LIBRARIES = YES;
				BUNDLE_LOADER = "$(TEST_HOST)";
				CODE_SIGN_STYLE = Automatic;
				CURRENT_PROJECT_VERSION = 1;
				GENERATE_INFOPLIST_FILE = YES;
				IPHONEOS_DEPLOYMENT_TARGET = 16.2;
				MARKETING_VERSION = 1.0;
				PRODUCT_BUNDLE_IDENTIFIER = com.adarsh.ShoppingBuddyTests;
				PRODUCT_NAME = "$(TARGET_NAME)";
				SWIFT_EMIT_LOC_STRINGS = NO;
				SWIFT_VERSION = 5.0;
				TARGETED_DEVICE_FAMILY = "1,2";
				TEST_HOST = "$(BUILT_PRODUCTS_DIR)/ShoppingBuddy.app/$(BUNDLE_EXECUTABLE_FOLDER_PATH)/ShoppingBuddy";
			};
			name = Debug;
		};
		C7CAF2C52A343FAB005EB870 /* Release */ = {
			isa = XCBuildConfiguration;
			buildSettings = {
				ALWAYS_EMBED_SWIFT_STANDARD_LIBRARIES = YES;
				BUNDLE_LOADER = "$(TEST_HOST)";
				CODE_SIGN_STYLE = Automatic;
				CURRENT_PROJECT_VERSION = 1;
				GENERATE_INFOPLIST_FILE = YES;
				IPHONEOS_DEPLOYMENT_TARGET = 16.2;
				MARKETING_VERSION = 1.0;
				PRODUCT_BUNDLE_IDENTIFIER = com.adarsh.ShoppingBuddyTests;
				PRODUCT_NAME = "$(TARGET_NAME)";
				SWIFT_EMIT_LOC_STRINGS = NO;
				SWIFT_VERSION = 5.0;
				TARGETED_DEVICE_FAMILY = "1,2";
				TEST_HOST = "$(BUILT_PRODUCTS_DIR)/ShoppingBuddy.app/$(BUNDLE_EXECUTABLE_FOLDER_PATH)/ShoppingBuddy";
			};
			name = Release;
		};
		C7CAF2C72A343FAB005EB870 /* Debug */ = {
			isa = XCBuildConfiguration;
			buildSettings = {
				ALWAYS_EMBED_SWIFT_STANDARD_LIBRARIES = YES;
				CODE_SIGN_STYLE = Automatic;
				CURRENT_PROJECT_VERSION = 1;
				GENERATE_INFOPLIST_FILE = YES;
				MARKETING_VERSION = 1.0;
				PRODUCT_BUNDLE_IDENTIFIER = com.adarsh.ShoppingBuddyUITests;
				PRODUCT_NAME = "$(TARGET_NAME)";
				SWIFT_EMIT_LOC_STRINGS = NO;
				SWIFT_VERSION = 5.0;
				TARGETED_DEVICE_FAMILY = "1,2";
				TEST_TARGET_NAME = ShoppingBuddy;
			};
			name = Debug;
		};
		C7CAF2C82A343FAB005EB870 /* Release */ = {
			isa = XCBuildConfiguration;
			buildSettings = {
				ALWAYS_EMBED_SWIFT_STANDARD_LIBRARIES = YES;
				CODE_SIGN_STYLE = Automatic;
				CURRENT_PROJECT_VERSION = 1;
				GENERATE_INFOPLIST_FILE = YES;
				MARKETING_VERSION = 1.0;
				PRODUCT_BUNDLE_IDENTIFIER = com.adarsh.ShoppingBuddyUITests;
				PRODUCT_NAME = "$(TARGET_NAME)";
				SWIFT_EMIT_LOC_STRINGS = NO;
				SWIFT_VERSION = 5.0;
				TARGETED_DEVICE_FAMILY = "1,2";
				TEST_TARGET_NAME = ShoppingBuddy;
			};
			name = Release;
		};
/* End XCBuildConfiguration section */

/* Begin XCConfigurationList section */
		C7CAF2912A343FAA005EB870 /* Build configuration list for PBXProject "ShoppingBuddy" */ = {
			isa = XCConfigurationList;
			buildConfigurations = (
				C7CAF2BE2A343FAB005EB870 /* Debug */,
				C7CAF2BF2A343FAB005EB870 /* Release */,
			);
			defaultConfigurationIsVisible = 0;
			defaultConfigurationName = Release;
		};
		C7CAF2C02A343FAB005EB870 /* Build configuration list for PBXNativeTarget "ShoppingBuddy" */ = {
			isa = XCConfigurationList;
			buildConfigurations = (
				C7CAF2C12A343FAB005EB870 /* Debug */,
				C7CAF2C22A343FAB005EB870 /* Release */,
			);
			defaultConfigurationIsVisible = 0;
			defaultConfigurationName = Release;
		};
		C7CAF2C32A343FAB005EB870 /* Build configuration list for PBXNativeTarget "ShoppingBuddyTests" */ = {
			isa = XCConfigurationList;
			buildConfigurations = (
				C7CAF2C42A343FAB005EB870 /* Debug */,
				C7CAF2C52A343FAB005EB870 /* Release */,
			);
			defaultConfigurationIsVisible = 0;
			defaultConfigurationName = Release;
		};
		C7CAF2C62A343FAB005EB870 /* Build configuration list for PBXNativeTarget "ShoppingBuddyUITests" */ = {
			isa = XCConfigurationList;
			buildConfigurations = (
				C7CAF2C72A343FAB005EB870 /* Debug */,
				C7CAF2C82A343FAB005EB870 /* Release */,
			);
			defaultConfigurationIsVisible = 0;
			defaultConfigurationName = Release;
		};
/* End XCConfigurationList section */
	};
	rootObject = C7CAF28E2A343FAA005EB870 /* Project object */;
}
